
Microsoft Visual Studio Solution File, Format Version 12.00
# Visual Studio 15
VisualStudioVersion = 15.0.27428.2011
MinimumVisualStudioVersion = 10.0.40219.1
Project("{FAE04EC0-301F-11D3-BF4B-00C04F79EFBC}") = "Project_Sauron", "Project_Sauron\Project_Sauron.csproj", "{27F95A01-CA10-4B5C-8941-35A2717C3817}"
EndProject
Global
	GlobalSection(SolutionConfigurationPlatforms) = preSolution
		Debug|Any CPU = Debug|Any CPU
		Release|Any CPU = Release|Any CPU
	EndGlobalSection
	GlobalSection(ProjectConfigurationPlatforms) = postSolution
		{27F95A01-CA10-4B5C-8941-35A2717C3817}.Debug|Any CPU.ActiveCfg = Debug|Any CPU
		{27F95A01-CA10-4B5C-8941-35A2717C3817}.Debug|Any CPU.Build.0 = Debug|Any CPU
		{27F95A01-CA10-4B5C-8941-35A2717C3817}.Release|Any CPU.ActiveCfg = Release|Any CPU
		{27F95A01-CA10-4B5C-8941-35A2717C3817}.Release|Any CPU.Build.0 = Release|Any CPU
	EndGlobalSection
	GlobalSection(SolutionProperties) = preSolution
		HideSolutionNode = FALSE
	EndGlobalSection
	GlobalSection(ExtensibilityGlobals) = postSolution
		SolutionGuid = {2DAEC2B4-02D5-4CC2-91D0-5CBD9F171BAD}
	EndGlobalSection
EndGlobal
